{
  "name": "4-streams",
  "version": "1.0.0",
  "lockfileVersion": 1,
  "requires": true,
  "dependencies": {
    "pretty-bytes": {
      "version": "5.4.1",
      "resolved": "https://registry.npmjs.org/pretty-bytes/-/pretty-bytes-5.4.1.tgz",
      "integrity": "sha512-s1Iam6Gwz3JI5Hweaz4GoCD1WUNUIyzePFy5+Js2hjwGVt2Z79wNN+ZKOZ2vB6C+Xs6njyB84Z1IthQg8d9LxA=="
    }
  }
}
